
Microsoft Visual Studio Solution File, Format Version 12.00
# Visual Studio 14
VisualStudioVersion = 14.0.25420.1
MinimumVisualStudioVersion = 10.0.40219.1
Project("{FAE04EC0-301F-11D3-BF4B-00C04F79EFBC}") = "EmployeeMappingService", "EmployeeMappingService\EmployeeMappingService.csproj", "{C09A6E60-1FA7-4BDE-B0A0-5390A82B0DBA}"
EndProject
Project("{FAE04EC0-301F-11D3-BF4B-00C04F79EFBC}") = "HostConsole", "HostConsole\HostConsole.csproj", "{9E5D3B42-9C0B-4C15-8F51-BA70BAA1F768}"
EndProject
Global
	GlobalSection(SolutionConfigurationPlatforms) = preSolution
		Debug|Any CPU = Debug|Any CPU
		Release|Any CPU = Release|Any CPU
	EndGlobalSection
	GlobalSection(ProjectConfigurationPlatforms) = postSolution
		{C09A6E60-1FA7-4BDE-B0A0-5390A82B0DBA}.Debug|Any CPU.ActiveCfg = Debug|Any CPU
		{C09A6E60-1FA7-4BDE-B0A0-5390A82B0DBA}.Debug|Any CPU.Build.0 = Debug|Any CPU
		{C09A6E60-1FA7-4BDE-B0A0-5390A82B0DBA}.Release|Any CPU.ActiveCfg = Release|Any CPU
		{C09A6E60-1FA7-4BDE-B0A0-5390A82B0DBA}.Release|Any CPU.Build.0 = Release|Any CPU
		{9E5D3B42-9C0B-4C15-8F51-BA70BAA1F768}.Debug|Any CPU.ActiveCfg = Debug|Any CPU
		{9E5D3B42-9C0B-4C15-8F51-BA70BAA1F768}.Debug|Any CPU.Build.0 = Debug|Any CPU
		{9E5D3B42-9C0B-4C15-8F51-BA70BAA1F768}.Release|Any CPU.ActiveCfg = Release|Any CPU
		{9E5D3B42-9C0B-4C15-8F51-BA70BAA1F768}.Release|Any CPU.Build.0 = Release|Any CPU
	EndGlobalSection
	GlobalSection(SolutionProperties) = preSolution
		HideSolutionNode = FALSE
	EndGlobalSection
EndGlobal
